
Microsoft Visual Studio Solution File, Format Version 12.00
# Visual Studio Version 17
VisualStudioVersion = 17.3.32929.385
MinimumVisualStudioVersion = 10.0.40219.1
Project("{FAE04EC0-301F-11D3-BF4B-00C04F79EFBC}") = "LeagueOLocale", "LeagueOLocale\LeagueOLocale.csproj", "{2C5C290A-ADB1-4A0A-9C7F-BE20C396E360}"
EndProject
Global
	GlobalSection(SolutionConfigurationPlatforms) = preSolution
		Debug|Any CPU = Debug|Any CPU
		Release|Any CPU = Release|Any CPU
	EndGlobalSection
	GlobalSection(ProjectConfigurationPlatforms) = postSolution
		{2C5C290A-ADB1-4A0A-9C7F-BE20C396E360}.Debug|Any CPU.ActiveCfg = Debug|Any CPU
		{2C5C290A-ADB1-4A0A-9C7F-BE20C396E360}.Debug|Any CPU.Build.0 = Debug|Any CPU
		{2C5C290A-ADB1-4A0A-9C7F-BE20C396E360}.Release|Any CPU.ActiveCfg = Release|Any CPU
		{2C5C290A-ADB1-4A0A-9C7F-BE20C396E360}.Release|Any CPU.Build.0 = Release|Any CPU
	EndGlobalSection
	GlobalSection(SolutionProperties) = preSolution
		HideSolutionNode = FALSE
	EndGlobalSection
	GlobalSection(ExtensibilityGlobals) = postSolution
		SolutionGuid = {6C800468-5476-4827-B1A1-F7FB908959E4}
	EndGlobalSection
EndGlobal
